
Microsoft Visual Studio Solution File, Format Version 12.00
# Visual Studio Version 17
VisualStudioVersion = 17.5.33516.290
MinimumVisualStudioVersion = 10.0.40219.1
Project("{FAE04EC0-301F-11D3-BF4B-00C04F79EFBC}") = "PryStreamLeer-Cantallops", "PryStreamLeer-Cantallops.csproj", "{D7823667-6824-48FF-ACBE-A2E9B6AE16B7}"
EndProject
Global
	GlobalSection(SolutionConfigurationPlatforms) = preSolution
		Debug|Any CPU = Debug|Any CPU
		Release|Any CPU = Release|Any CPU
	EndGlobalSection
	GlobalSection(ProjectConfigurationPlatforms) = postSolution
		{D7823667-6824-48FF-ACBE-A2E9B6AE16B7}.Debug|Any CPU.ActiveCfg = Debug|Any CPU
		{D7823667-6824-48FF-ACBE-A2E9B6AE16B7}.Debug|Any CPU.Build.0 = Debug|Any CPU
		{D7823667-6824-48FF-ACBE-A2E9B6AE16B7}.Release|Any CPU.ActiveCfg = Release|Any CPU
		{D7823667-6824-48FF-ACBE-A2E9B6AE16B7}.Release|Any CPU.Build.0 = Release|Any CPU
	EndGlobalSection
	GlobalSection(SolutionProperties) = preSolution
		HideSolutionNode = FALSE
	EndGlobalSection
	GlobalSection(ExtensibilityGlobals) = postSolution
		SolutionGuid = {A979ED94-4E30-46C2-841A-3D33F16EA366}
	EndGlobalSection
EndGlobal
